
Microsoft Visual Studio Solution File, Format Version 12.00
Project("{FAE04EC0-301F-11D3-BF4B-00C04F79EFBC}") = "ImageUtopia", "ImageUtopia\ImageUtopia.csproj", "{BD17EA35-3A4B-417E-BB18-832DE4B1249F}"
EndProject
Project("{FAE04EC0-301F-11D3-BF4B-00C04F79EFBC}") = "ImageUtopia.UnitTests", "ImageUtopia.UnitTests\ImageUtopia.UnitTests.csproj", "{4BC01AF8-CCF0-4DFB-A989-AB0CBCF92F4D}"
EndProject
Global
	GlobalSection(SolutionConfigurationPlatforms) = preSolution
		Debug|Any CPU = Debug|Any CPU
		Release|Any CPU = Release|Any CPU
	EndGlobalSection
	GlobalSection(ProjectConfigurationPlatforms) = postSolution
		{BD17EA35-3A4B-417E-BB18-832DE4B1249F}.Debug|Any CPU.ActiveCfg = Debug|Any CPU
		{BD17EA35-3A4B-417E-BB18-832DE4B1249F}.Debug|Any CPU.Build.0 = Debug|Any CPU
		{BD17EA35-3A4B-417E-BB18-832DE4B1249F}.Release|Any CPU.ActiveCfg = Release|Any CPU
		{BD17EA35-3A4B-417E-BB18-832DE4B1249F}.Release|Any CPU.Build.0 = Release|Any CPU
		{4BC01AF8-CCF0-4DFB-A989-AB0CBCF92F4D}.Debug|Any CPU.ActiveCfg = Debug|Any CPU
		{4BC01AF8-CCF0-4DFB-A989-AB0CBCF92F4D}.Debug|Any CPU.Build.0 = Debug|Any CPU
		{4BC01AF8-CCF0-4DFB-A989-AB0CBCF92F4D}.Release|Any CPU.ActiveCfg = Release|Any CPU
		{4BC01AF8-CCF0-4DFB-A989-AB0CBCF92F4D}.Release|Any CPU.Build.0 = Release|Any CPU
	EndGlobalSection
EndGlobal
